// !$*UTF8*$!
{
	archiveVersion = 1;
	classes = {
	};
	objectVersion = 50;
	objects = {

/* Begin PBXBuildFile section */
		4400A197233FC708000C8862 /* AppDelegate.swift in Sources */ = {isa = PBXBuildFile; fileRef = 4400A196233FC708000C8862 /* AppDelegate.swift */; };
		4400A199233FC708000C8862 /* PerspectiveView.swift in Sources */ = {isa = PBXBuildFile; fileRef = 4400A198233FC708000C8862 /* PerspectiveView.swift */; };
		4400A19B233FC70A000C8862 /* Assets.xcassets in Resources */ = {isa = PBXBuildFile; fileRef = 4400A19A233FC70A000C8862 /* Assets.xcassets */; };
		4400A19E233FC70A000C8862 /* Preview Assets.xcassets in Resources */ = {isa = PBXBuildFile; fileRef = 4400A19D233FC70A000C8862 /* Preview Assets.xcassets */; };
		4400A1A1233FC70A000C8862 /* Main.storyboard in Resources */ = {isa = PBXBuildFile; fileRef = 4400A19F233FC70A000C8862 /* Main.storyboard */; };
		4400A1AD233FC70B000C8862 /* FocusTests.swift in Sources */ = {isa = PBXBuildFile; fileRef = 4400A1AC233FC70B000C8862 /* FocusTests.swift */; };
		4400A1B8233FC70B000C8862 /* FocusUITests.swift in Sources */ = {isa = PBXBuildFile; fileRef = 4400A1B7233FC70B000C8862 /* FocusUITests.swift */; };
		442BCA8123563FE300763D8B /* Perspective.swift in Sources */ = {isa = PBXBuildFile; fileRef = 442BCA8023563FE300763D8B /* Perspective.swift */; };
		4436F21223410218007F1B7C /* TaskDto.swift in Sources */ = {isa = PBXBuildFile; fileRef = 4436F21123410218007F1B7C /* TaskDto.swift */; };
		4436F214234103AE007F1B7C /* TaskSpaceRepositoryFile.swift in Sources */ = {isa = PBXBuildFile; fileRef = 4436F213234103AE007F1B7C /* TaskSpaceRepositoryFile.swift */; };
		4436F21723410417007F1B7C /* taskData.json in Resources */ = {isa = PBXBuildFile; fileRef = 4436F21623410417007F1B7C /* taskData.json */; };
		4436F21923410A15007F1B7C /* TaskRowView.swift in Sources */ = {isa = PBXBuildFile; fileRef = 4436F21823410A15007F1B7C /* TaskRowView.swift */; };
		44456B572353273E00934231 /* TaskTreeView.swift in Sources */ = {isa = PBXBuildFile; fileRef = 44456B562353273E00934231 /* TaskTreeView.swift */; };
		444C027A2358E49400451D8E /* TaskFilterTests.swift in Sources */ = {isa = PBXBuildFile; fileRef = 444C02792358E49400451D8E /* TaskFilterTests.swift */; };
		444C027C2358EE4400451D8E /* TaskTreeNodeTests.swift in Sources */ = {isa = PBXBuildFile; fileRef = 444C027B2358EE4400451D8E /* TaskTreeNodeTests.swift */; };
		444C027E2359145500451D8E /* TaskStub.swift in Sources */ = {isa = PBXBuildFile; fileRef = 44583D212357A9B500E66EA9 /* TaskStub.swift */; };
		44583D202357A3C100E66EA9 /* TaskTreeTests.swift in Sources */ = {isa = PBXBuildFile; fileRef = 44583D1F2357A3C100E66EA9 /* TaskTreeTests.swift */; };
		446CDCD9234FD922005EDEDE /* checked.png in Resources */ = {isa = PBXBuildFile; fileRef = 446CDCD8234FD922005EDEDE /* checked.png */; };
		44CE383F235A75BA00ADF6DC /* TaskDtoTests.swift in Sources */ = {isa = PBXBuildFile; fileRef = 44CE383E235A75BA00ADF6DC /* TaskDtoTests.swift */; };
		44CE3842235CAF5D00ADF6DC /* Helpers.swift in Sources */ = {isa = PBXBuildFile; fileRef = 44CE3841235CAF5D00ADF6DC /* Helpers.swift */; };
		44D7A70F23510C700093CDF2 /* InputHandlingWindow.swift in Sources */ = {isa = PBXBuildFile; fileRef = 44D7A70E23510C700093CDF2 /* InputHandlingWindow.swift */; };
		44D7A711235121B00093CDF2 /* CustomTextField.swift in Sources */ = {isa = PBXBuildFile; fileRef = 44D7A710235121B00093CDF2 /* CustomTextField.swift */; };
		44D7A7172351CD620093CDF2 /* DragAndDrop.swift in Sources */ = {isa = PBXBuildFile; fileRef = 44D7A7162351CD620093CDF2 /* DragAndDrop.swift */; };
		44D7A719235248D70093CDF2 /* Palette.swift in Sources */ = {isa = PBXBuildFile; fileRef = 44D7A718235248D70093CDF2 /* Palette.swift */; };
		44D7A71B23525EF70093CDF2 /* Task.swift in Sources */ = {isa = PBXBuildFile; fileRef = 44D7A71A23525EF70093CDF2 /* Task.swift */; };
		44E153E6234D27180025C340 /* InputHandler.swift in Sources */ = {isa = PBXBuildFile; fileRef = 44E153E5234D27180025C340 /* InputHandler.swift */; };
		6F50C5518B13EA2906C2B65F /* TaskTree.swift in Sources */ = {isa = PBXBuildFile; fileRef = 6F50CD9CB82B8A3C46716329 /* TaskTree.swift */; };
		6F50CEFB292A0D12A723DC5E /* TaskTests.swift in Sources */ = {isa = PBXBuildFile; fileRef = 6F50C93A55786C3A4D4DC466 /* TaskTests.swift */; };
/* End PBXBuildFile section */

/* Begin PBXContainerItemProxy section */
		4400A1A9233FC70B000C8862 /* PBXContainerItemProxy */ = {
			isa = PBXContainerItemProxy;
			containerPortal = 4400A18B233FC708000C8862 /* Project object */;
			proxyType = 1;
			remoteGlobalIDString = 4400A192233FC708000C8862;
			remoteInfo = Focus;
		};
		4400A1B4233FC70B000C8862 /* PBXContainerItemProxy */ = {
			isa = PBXContainerItemProxy;
			containerPortal = 4400A18B233FC708000C8862 /* Project object */;
			proxyType = 1;
			remoteGlobalIDString = 4400A192233FC708000C8862;
			remoteInfo = Focus;
		};
/* End PBXContainerItemProxy section */

/* Begin PBXFileReference section */
		4400A193233FC708000C8862 /* Focus.app */ = {isa = PBXFileReference; explicitFileType = wrapper.application; includeInIndex = 0; path = Focus.app; sourceTree = BUILT_PRODUCTS_DIR; };
		4400A196233FC708000C8862 /* AppDelegate.swift */ = {isa = PBXFileReference; lastKnownFileType = sourcecode.swift; path = AppDelegate.swift; sourceTree = "<group>"; };
		4400A198233FC708000C8862 /* PerspectiveView.swift */ = {isa = PBXFileReference; lastKnownFileType = sourcecode.swift; path = PerspectiveView.swift; sourceTree = "<group>"; };
		4400A19A233FC70A000C8862 /* Assets.xcassets */ = {isa = PBXFileReference; lastKnownFileType = folder.assetcatalog; path = Assets.xcassets; sourceTree = "<group>"; };
		4400A19D233FC70A000C8862 /* Preview Assets.xcassets */ = {isa = PBXFileReference; lastKnownFileType = folder.assetcatalog; path = "Preview Assets.xcassets"; sourceTree = "<group>"; };
		4400A1A0233FC70A000C8862 /* Base */ = {isa = PBXFileReference; lastKnownFileType = file.storyboard; name = Base; path = Base.lproj/Main.storyboard; sourceTree = "<group>"; };
		4400A1A2233FC70A000C8862 /* Info.plist */ = {isa = PBXFileReference; lastKnownFileType = text.plist.xml; path = Info.plist; sourceTree = "<group>"; };
		4400A1A3233FC70A000C8862 /* Focus.entitlements */ = {isa = PBXFileReference; lastKnownFileType = text.plist.entitlements; path = Focus.entitlements; sourceTree = "<group>"; };
		4400A1A8233FC70B000C8862 /* FocusTests.xctest */ = {isa = PBXFileReference; explicitFileType = wrapper.cfbundle; includeInIndex = 0; path = FocusTests.xctest; sourceTree = BUILT_PRODUCTS_DIR; };
		4400A1AC233FC70B000C8862 /* FocusTests.swift */ = {isa = PBXFileReference; lastKnownFileType = sourcecode.swift; path = FocusTests.swift; sourceTree = "<group>"; };
		4400A1AE233FC70B000C8862 /* Info.plist */ = {isa = PBXFileReference; lastKnownFileType = text.plist.xml; path = Info.plist; sourceTree = "<group>"; };
		4400A1B3233FC70B000C8862 /* FocusUITests.xctest */ = {isa = PBXFileReference; explicitFileType = wrapper.cfbundle; includeInIndex = 0; path = FocusUITests.xctest; sourceTree = BUILT_PRODUCTS_DIR; };
		4400A1B7233FC70B000C8862 /* FocusUITests.swift */ = {isa = PBXFileReference; lastKnownFileType = sourcecode.swift; path = FocusUITests.swift; sourceTree = "<group>"; };
		4400A1B9233FC70B000C8862 /* Info.plist */ = {isa = PBXFileReference; lastKnownFileType = text.plist.xml; path = Info.plist; sourceTree = "<group>"; };
		442BCA8023563FE300763D8B /* Perspective.swift */ = {isa = PBXFileReference; lastKnownFileType = sourcecode.swift; path = Perspective.swift; sourceTree = "<group>"; };
		4436F21123410218007F1B7C /* TaskDto.swift */ = {isa = PBXFileReference; lastKnownFileType = sourcecode.swift; path = TaskDto.swift; sourceTree = "<group>"; };
		4436F213234103AE007F1B7C /* TaskSpaceRepositoryFile.swift */ = {isa = PBXFileReference; lastKnownFileType = sourcecode.swift; path = TaskSpaceRepositoryFile.swift; sourceTree = "<group>"; };
		4436F21623410417007F1B7C /* taskData.json */ = {isa = PBXFileReference; lastKnownFileType = text.json; path = taskData.json; sourceTree = "<group>"; };
		4436F21823410A15007F1B7C /* TaskRowView.swift */ = {isa = PBXFileReference; lastKnownFileType = sourcecode.swift; path = TaskRowView.swift; sourceTree = "<group>"; };
		44456B562353273E00934231 /* TaskTreeView.swift */ = {isa = PBXFileReference; lastKnownFileType = sourcecode.swift; path = TaskTreeView.swift; sourceTree = "<group>"; };
		444C02792358E49400451D8E /* TaskFilterTests.swift */ = {isa = PBXFileReference; lastKnownFileType = sourcecode.swift; path = TaskFilterTests.swift; sourceTree = "<group>"; };
		444C027B2358EE4400451D8E /* TaskTreeNodeTests.swift */ = {isa = PBXFileReference; lastKnownFileType = sourcecode.swift; path = TaskTreeNodeTests.swift; sourceTree = "<group>"; };
		44583D1F2357A3C100E66EA9 /* TaskTreeTests.swift */ = {isa = PBXFileReference; lastKnownFileType = sourcecode.swift; path = TaskTreeTests.swift; sourceTree = "<group>"; };
		44583D212357A9B500E66EA9 /* TaskStub.swift */ = {isa = PBXFileReference; lastKnownFileType = sourcecode.swift; path = TaskStub.swift; sourceTree = "<group>"; };
		446CDCD4234FD7CA005EDEDE /* README.md */ = {isa = PBXFileReference; lastKnownFileType = net.daringfireball.markdown; path = README.md; sourceTree = "<group>"; };
		446CDCD8234FD922005EDEDE /* checked.png */ = {isa = PBXFileReference; lastKnownFileType = image.png; path = checked.png; sourceTree = "<group>"; };
		44CE383E235A75BA00ADF6DC /* TaskDtoTests.swift */ = {isa = PBXFileReference; lastKnownFileType = sourcecode.swift; path = TaskDtoTests.swift; sourceTree = "<group>"; };
		44CE3841235CAF5D00ADF6DC /* Helpers.swift */ = {isa = PBXFileReference; lastKnownFileType = sourcecode.swift; path = Helpers.swift; sourceTree = "<group>"; };
		44D7A70E23510C700093CDF2 /* InputHandlingWindow.swift */ = {isa = PBXFileReference; lastKnownFileType = sourcecode.swift; path = InputHandlingWindow.swift; sourceTree = "<group>"; };
		44D7A710235121B00093CDF2 /* CustomTextField.swift */ = {isa = PBXFileReference; lastKnownFileType = sourcecode.swift; path = CustomTextField.swift; sourceTree = "<group>"; };
		44D7A7162351CD620093CDF2 /* DragAndDrop.swift */ = {isa = PBXFileReference; lastKnownFileType = sourcecode.swift; path = DragAndDrop.swift; sourceTree = "<group>"; };
		44D7A718235248D70093CDF2 /* Palette.swift */ = {isa = PBXFileReference; lastKnownFileType = sourcecode.swift; path = Palette.swift; sourceTree = "<group>"; };
		44D7A71A23525EF70093CDF2 /* Task.swift */ = {isa = PBXFileReference; lastKnownFileType = sourcecode.swift; path = Task.swift; sourceTree = "<group>"; };
		44E153E5234D27180025C340 /* InputHandler.swift */ = {isa = PBXFileReference; lastKnownFileType = sourcecode.swift; path = InputHandler.swift; sourceTree = "<group>"; };
		6F50C93A55786C3A4D4DC466 /* TaskTests.swift */ = {isa = PBXFileReference; fileEncoding = 4; lastKnownFileType = sourcecode.swift; path = TaskTests.swift; sourceTree = "<group>"; };
		6F50CD9CB82B8A3C46716329 /* TaskTree.swift */ = {isa = PBXFileReference; fileEncoding = 4; lastKnownFileType = sourcecode.swift; path = TaskTree.swift; sourceTree = "<group>"; };
/* End PBXFileReference section */

/* Begin PBXFrameworksBuildPhase section */
		4400A190233FC708000C8862 /* Frameworks */ = {
			isa = PBXFrameworksBuildPhase;
			buildActionMask = 2147483647;
			files = (
			);
			runOnlyForDeploymentPostprocessing = 0;
		};
		4400A1A5233FC70B000C8862 /* Frameworks */ = {
			isa = PBXFrameworksBuildPhase;
			buildActionMask = 2147483647;
			files = (
			);
			runOnlyForDeploymentPostprocessing = 0;
		};
		4400A1B0233FC70B000C8862 /* Frameworks */ = {
			isa = PBXFrameworksBuildPhase;
			buildActionMask = 2147483647;
			files = (
			);
			runOnlyForDeploymentPostprocessing = 0;
		};
/* End PBXFrameworksBuildPhase section */

/* Begin PBXGroup section */
		4400A18A233FC708000C8862 = {
			isa = PBXGroup;
			children = (
				4400A195233FC708000C8862 /* Focus */,
				4400A1AB233FC70B000C8862 /* FocusTests */,
				4400A1B6233FC70B000C8862 /* FocusUITests */,
				4400A194233FC708000C8862 /* Products */,
			);
			sourceTree = "<group>";
		};
		4400A194233FC708000C8862 /* Products */ = {
			isa = PBXGroup;
			children = (
				4400A193233FC708000C8862 /* Focus.app */,
				4400A1A8233FC70B000C8862 /* FocusTests.xctest */,
				4400A1B3233FC70B000C8862 /* FocusUITests.xctest */,
			);
			name = Products;
			sourceTree = "<group>";
		};
		4400A195233FC708000C8862 /* Focus */ = {
			isa = PBXGroup;
			children = (
				443EA7EE2349F5A300903F6C /* Views */,
				4436F215234103F5007F1B7C /* Resources */,
				4436F210234101FE007F1B7C /* Models */,
				4400A196233FC708000C8862 /* AppDelegate.swift */,
				44E153E5234D27180025C340 /* InputHandler.swift */,
				44D7A70E23510C700093CDF2 /* InputHandlingWindow.swift */,
				44CE3841235CAF5D00ADF6DC /* Helpers.swift */,
				4400A19A233FC70A000C8862 /* Assets.xcassets */,
				446CDCD4234FD7CA005EDEDE /* README.md */,
				4400A19F233FC70A000C8862 /* Main.storyboard */,
				4400A1A2233FC70A000C8862 /* Info.plist */,
				4400A1A3233FC70A000C8862 /* Focus.entitlements */,
				4400A19C233FC70A000C8862 /* Preview Content */,
			);
			path = Focus;
			sourceTree = "<group>";
		};
		4400A19C233FC70A000C8862 /* Preview Content */ = {
			isa = PBXGroup;
			children = (
				4400A19D233FC70A000C8862 /* Preview Assets.xcassets */,
			);
			path = "Preview Content";
			sourceTree = "<group>";
		};
		4400A1AB233FC70B000C8862 /* FocusTests */ = {
			isa = PBXGroup;
			children = (
				44583D212357A9B500E66EA9 /* TaskStub.swift */,
				4400A1AC233FC70B000C8862 /* FocusTests.swift */,
				4400A1AE233FC70B000C8862 /* Info.plist */,
				6F50C93A55786C3A4D4DC466 /* TaskTests.swift */,
				44583D1F2357A3C100E66EA9 /* TaskTreeTests.swift */,
				444C02792358E49400451D8E /* TaskFilterTests.swift */,
				444C027B2358EE4400451D8E /* TaskTreeNodeTests.swift */,
				44CE383E235A75BA00ADF6DC /* TaskDtoTests.swift */,
			);
			path = FocusTests;
			sourceTree = "<group>";
		};
		4400A1B6233FC70B000C8862 /* FocusUITests */ = {
			isa = PBXGroup;
			children = (
				4400A1B7233FC70B000C8862 /* FocusUITests.swift */,
				4400A1B9233FC70B000C8862 /* Info.plist */,
			);
			path = FocusUITests;
			sourceTree = "<group>";
		};
		4436F210234101FE007F1B7C /* Models */ = {
			isa = PBXGroup;
			children = (
				44D7A7162351CD620093CDF2 /* DragAndDrop.swift */,
				442BCA8023563FE300763D8B /* Perspective.swift */,
				4436F21123410218007F1B7C /* TaskDto.swift */,
				4436F213234103AE007F1B7C /* TaskSpaceRepositoryFile.swift */,
				44D7A71A23525EF70093CDF2 /* Task.swift */,
				6F50CD9CB82B8A3C46716329 /* TaskTree.swift */,
			);
			path = Models;
			sourceTree = "<group>";
		};
		4436F215234103F5007F1B7C /* Resources */ = {
			isa = PBXGroup;
			children = (
				446CDCD8234FD922005EDEDE /* checked.png */,
				4436F21623410417007F1B7C /* taskData.json */,
			);
			path = Resources;
			sourceTree = "<group>";
		};
		443EA7EE2349F5A300903F6C /* Views */ = {
			isa = PBXGroup;
			children = (
				44D7A710235121B00093CDF2 /* CustomTextField.swift */,
				44D7A718235248D70093CDF2 /* Palette.swift */,
				4400A198233FC708000C8862 /* PerspectiveView.swift */,
				4436F21823410A15007F1B7C /* TaskRowView.swift */,
				44456B562353273E00934231 /* TaskTreeView.swift */,
			);
			path = Views;
			sourceTree = "<group>";
		};
/* End PBXGroup section */

/* Begin PBXNativeTarget section */
		4400A192233FC708000C8862 /* Focus */ = {
			isa = PBXNativeTarget;
			buildConfigurationList = 4400A1BC233FC70B000C8862 /* Build configuration list for PBXNativeTarget "Focus" */;
			buildPhases = (
				4400A18F233FC708000C8862 /* Sources */,
				4400A190233FC708000C8862 /* Frameworks */,
				4400A191233FC708000C8862 /* Resources */,
			);
			buildRules = (
			);
			dependencies = (
			);
			name = Focus;
			productName = Focus;
			productReference = 4400A193233FC708000C8862 /* Focus.app */;
			productType = "com.apple.product-type.application";
		};
		4400A1A7233FC70B000C8862 /* FocusTests */ = {
			isa = PBXNativeTarget;
			buildConfigurationList = 4400A1BF233FC70B000C8862 /* Build configuration list for PBXNativeTarget "FocusTests" */;
			buildPhases = (
				4400A1A4233FC70B000C8862 /* Sources */,
				4400A1A5233FC70B000C8862 /* Frameworks */,
				4400A1A6233FC70B000C8862 /* Resources */,
			);
			buildRules = (
			);
			dependencies = (
				4400A1AA233FC70B000C8862 /* PBXTargetDependency */,
			);
			name = FocusTests;
			productName = FocusTests;
			productReference = 4400A1A8233FC70B000C8862 /* FocusTests.xctest */;
			productType = "com.apple.product-type.bundle.unit-test";
		};
		4400A1B2233FC70B000C8862 /* FocusUITests */ = {
			isa = PBXNativeTarget;
			buildConfigurationList = 4400A1C2233FC70B000C8862 /* Build configuration list for PBXNativeTarget "FocusUITests" */;
			buildPhases = (
				4400A1AF233FC70B000C8862 /* Sources */,
				4400A1B0233FC70B000C8862 /* Frameworks */,
				4400A1B1233FC70B000C8862 /* Resources */,
			);
			buildRules = (
			);
			dependencies = (
				4400A1B5233FC70B000C8862 /* PBXTargetDependency */,
			);
			name = FocusUITests;
			productName = FocusUITests;
			productReference = 4400A1B3233FC70B000C8862 /* FocusUITests.xctest */;
			productType = "com.apple.product-type.bundle.ui-testing";
		};
/* End PBXNativeTarget section */

/* Begin PBXProject section */
		4400A18B233FC708000C8862 /* Project object */ = {
			isa = PBXProject;
			attributes = {
				LastSwiftUpdateCheck = 1100;
				LastUpgradeCheck = 1100;
				ORGANIZATIONNAME = "Georgii Korshunov";
				TargetAttributes = {
					4400A192233FC708000C8862 = {
						CreatedOnToolsVersion = 11.0;
						LastSwiftMigration = 1100;
					};
					4400A1A7233FC70B000C8862 = {
						CreatedOnToolsVersion = 11.0;
						TestTargetID = 4400A192233FC708000C8862;
					};
					4400A1B2233FC70B000C8862 = {
						CreatedOnToolsVersion = 11.0;
						TestTargetID = 4400A192233FC708000C8862;
					};
				};
			};
			buildConfigurationList = 4400A18E233FC708000C8862 /* Build configuration list for PBXProject "Focus" */;
			compatibilityVersion = "Xcode 9.3";
			developmentRegion = en;
			hasScannedForEncodings = 0;
			knownRegions = (
				en,
				Base,
			);
			mainGroup = 4400A18A233FC708000C8862;
			productRefGroup = 4400A194233FC708000C8862 /* Products */;
			projectDirPath = "";
			projectRoot = "";
			targets = (
				4400A192233FC708000C8862 /* Focus */,
				4400A1A7233FC70B000C8862 /* FocusTests */,
				4400A1B2233FC70B000C8862 /* FocusUITests */,
			);
		};
/* End PBXProject section */

/* Begin PBXResourcesBuildPhase section */
		4400A191233FC708000C8862 /* Resources */ = {
			isa = PBXResourcesBuildPhase;
			buildActionMask = 2147483647;
			files = (
				446CDCD9234FD922005EDEDE /* checked.png in Resources */,
				4400A1A1233FC70A000C8862 /* Main.storyboard in Resources */,
				4400A19E233FC70A000C8862 /* Preview Assets.xcassets in Resources */,
				4436F21723410417007F1B7C /* taskData.json in Resources */,
				4400A19B233FC70A000C8862 /* Assets.xcassets in Resources */,
			);
			runOnlyForDeploymentPostprocessing = 0;
		};
		4400A1A6233FC70B000C8862 /* Resources */ = {
			isa = PBXResourcesBuildPhase;
			buildActionMask = 2147483647;
			files = (
			);
			runOnlyForDeploymentPostprocessing = 0;
		};
		4400A1B1233FC70B000C8862 /* Resources */ = {
			isa = PBXResourcesBuildPhase;
			buildActionMask = 2147483647;
			files = (
			);
			runOnlyForDeploymentPostprocessing = 0;
		};
/* End PBXResourcesBuildPhase section */

/* Begin PBXSourcesBuildPhase section */
		4400A18F233FC708000C8862 /* Sources */ = {
			isa = PBXSourcesBuildPhase;
			buildActionMask = 2147483647;
			files = (
				44D7A71B23525EF70093CDF2 /* Task.swift in Sources */,
				4436F21923410A15007F1B7C /* TaskRowView.swift in Sources */,
				44D7A70F23510C700093CDF2 /* InputHandlingWindow.swift in Sources */,
				44D7A7172351CD620093CDF2 /* DragAndDrop.swift in Sources */,
				44456B572353273E00934231 /* TaskTreeView.swift in Sources */,
				44E153E6234D27180025C340 /* InputHandler.swift in Sources */,
				4400A199233FC708000C8862 /* PerspectiveView.swift in Sources */,
				44D7A711235121B00093CDF2 /* CustomTextField.swift in Sources */,
				4436F21223410218007F1B7C /* TaskDto.swift in Sources */,
				44D7A719235248D70093CDF2 /* Palette.swift in Sources */,
				4436F214234103AE007F1B7C /* TaskSpaceRepositoryFile.swift in Sources */,
				44CE3842235CAF5D00ADF6DC /* Helpers.swift in Sources */,
				442BCA8123563FE300763D8B /* Perspective.swift in Sources */,
				4400A197233FC708000C8862 /* AppDelegate.swift in Sources */,
				6F50C5518B13EA2906C2B65F /* TaskTree.swift in Sources */,
			);
			runOnlyForDeploymentPostprocessing = 0;
		};
		4400A1A4233FC70B000C8862 /* Sources */ = {
			isa = PBXSourcesBuildPhase;
			buildActionMask = 2147483647;
			files = (
				444C027C2358EE4400451D8E /* TaskTreeNodeTests.swift in Sources */,
				444C027A2358E49400451D8E /* TaskFilterTests.swift in Sources */,
				44583D202357A3C100E66EA9 /* TaskTreeTests.swift in Sources */,
				4400A1AD233FC70B000C8862 /* FocusTests.swift in Sources */,
				444C027E2359145500451D8E /* TaskStub.swift in Sources */,
				6F50CEFB292A0D12A723DC5E /* TaskTests.swift in Sources */,
				44CE383F235A75BA00ADF6DC /* TaskDtoTests.swift in Sources */,
			);
			runOnlyForDeploymentPostprocessing = 0;
		};
		4400A1AF233FC70B000C8862 /* Sources */ = {
			isa = PBXSourcesBuildPhase;
			buildActionMask = 2147483647;
			files = (
				4400A1B8233FC70B000C8862 /* FocusUITests.swift in Sources */,
			);
			runOnlyForDeploymentPostprocessing = 0;
		};
/* End PBXSourcesBuildPhase section */

/* Begin PBXTargetDependency section */
		4400A1AA233FC70B000C8862 /* PBXTargetDependency */ = {
			isa = PBXTargetDependency;
			target = 4400A192233FC708000C8862 /* Focus */;
			targetProxy = 4400A1A9233FC70B000C8862 /* PBXContainerItemProxy */;
		};
		4400A1B5233FC70B000C8862 /* PBXTargetDependency */ = {
			isa = PBXTargetDependency;
			target = 4400A192233FC708000C8862 /* Focus */;
			targetProxy = 4400A1B4233FC70B000C8862 /* PBXContainerItemProxy */;
		};
/* End PBXTargetDependency section */

/* Begin PBXVariantGroup section */
		4400A19F233FC70A000C8862 /* Main.storyboard */ = {
			isa = PBXVariantGroup;
			children = (
				4400A1A0233FC70A000C8862 /* Base */,
			);
			name = Main.storyboard;
			sourceTree = "<group>";
		};
/* End PBXVariantGroup section */

/* Begin XCBuildConfiguration section */
		4400A1BA233FC70B000C8862 /* Debug */ = {
			isa = XCBuildConfiguration;
			buildSettings = {
				ALWAYS_SEARCH_USER_PATHS = NO;
				CLANG_ANALYZER_NONNULL = YES;
				CLANG_ANALYZER_NUMBER_OBJECT_CONVERSION = YES_AGGRESSIVE;
				CLANG_CXX_LANGUAGE_STANDARD = "gnu++14";
				CLANG_CXX_LIBRARY = "libc++";
				CLANG_ENABLE_MODULES = YES;
				CLANG_ENABLE_OBJC_ARC = YES;
				CLANG_ENABLE_OBJC_WEAK = YES;
				CLANG_WARN_BLOCK_CAPTURE_AUTORELEASING = YES;
				CLANG_WARN_BOOL_CONVERSION = YES;
				CLANG_WARN_COMMA = YES;
				CLANG_WARN_CONSTANT_CONVERSION = YES;
				CLANG_WARN_DEPRECATED_OBJC_IMPLEMENTATIONS = YES;
				CLANG_WARN_DIRECT_OBJC_ISA_USAGE = YES_ERROR;
				CLANG_WARN_DOCUMENTATION_COMMENTS = YES;
				CLANG_WARN_EMPTY_BODY = YES;
				CLANG_WARN_ENUM_CONVERSION = YES;
				CLANG_WARN_INFINITE_RECURSION = YES;
				CLANG_WARN_INT_CONVERSION = YES;
				CLANG_WARN_NON_LITERAL_NULL_CONVERSION = YES;
				CLANG_WARN_OBJC_IMPLICIT_RETAIN_SELF = YES;
				CLANG_WARN_OBJC_LITERAL_CONVERSION = YES;
				CLANG_WARN_OBJC_ROOT_CLASS = YES_ERROR;
				CLANG_WARN_RANGE_LOOP_ANALYSIS = YES;
				CLANG_WARN_STRICT_PROTOTYPES = YES;
				CLANG_WARN_SUSPICIOUS_MOVE = YES;
				CLANG_WARN_UNGUARDED_AVAILABILITY = YES_AGGRESSIVE;
				CLANG_WARN_UNREACHABLE_CODE = YES;
				CLANG_WARN__DUPLICATE_METHOD_MATCH = YES;
				COPY_PHASE_STRIP = NO;
				DEBUG_INFORMATION_FORMAT = dwarf;
				ENABLE_STRICT_OBJC_MSGSEND = YES;
				ENABLE_TESTABILITY = YES;
				GCC_C_LANGUAGE_STANDARD = gnu11;
				GCC_DYNAMIC_NO_PIC = NO;
				GCC_NO_COMMON_BLOCKS = YES;
				GCC_OPTIMIZATION_LEVEL = 0;
				GCC_PREPROCESSOR_DEFINITIONS = (
					"DEBUG=1",
					"$(inherited)",
				);
				GCC_WARN_64_TO_32_BIT_CONVERSION = YES;
				GCC_WARN_ABOUT_RETURN_TYPE = YES_ERROR;
				GCC_WARN_UNDECLARED_SELECTOR = YES;
				GCC_WARN_UNINITIALIZED_AUTOS = YES_AGGRESSIVE;
				GCC_WARN_UNUSED_FUNCTION = YES;
				GCC_WARN_UNUSED_VARIABLE = YES;
				MACOSX_DEPLOYMENT_TARGET = 10.15;
				MTL_ENABLE_DEBUG_INFO = INCLUDE_SOURCE;
				MTL_FAST_MATH = YES;
				ONLY_ACTIVE_ARCH = YES;
				SDKROOT = macosx;
				SWIFT_ACTIVE_COMPILATION_CONDITIONS = DEBUG;
				SWIFT_OPTIMIZATION_LEVEL = "-Onone";
			};
			name = Debug;
		};
		4400A1BB233FC70B000C8862 /* Release */ = {
			isa = XCBuildConfiguration;
			buildSettings = {
				ALWAYS_SEARCH_USER_PATHS = NO;
				CLANG_ANALYZER_NONNULL = YES;
				CLANG_ANALYZER_NUMBER_OBJECT_CONVERSION = YES_AGGRESSIVE;
				CLANG_CXX_LANGUAGE_STANDARD = "gnu++14";
				CLANG_CXX_LIBRARY = "libc++";
				CLANG_ENABLE_MODULES = YES;
				CLANG_ENABLE_OBJC_ARC = YES;
				CLANG_ENABLE_OBJC_WEAK = YES;
				CLANG_WARN_BLOCK_CAPTURE_AUTORELEASING = YES;
				CLANG_WARN_BOOL_CONVERSION = YES;
				CLANG_WARN_COMMA = YES;
				CLANG_WARN_CONSTANT_CONVERSION = YES;
				CLANG_WARN_DEPRECATED_OBJC_IMPLEMENTATIONS = YES;
				CLANG_WARN_DIRECT_OBJC_ISA_USAGE = YES_ERROR;
				CLANG_WARN_DOCUMENTATION_COMMENTS = YES;
				CLANG_WARN_EMPTY_BODY = YES;
				CLANG_WARN_ENUM_CONVERSION = YES;
				CLANG_WARN_INFINITE_RECURSION = YES;
				CLANG_WARN_INT_CONVERSION = YES;
				CLANG_WARN_NON_LITERAL_NULL_CONVERSION = YES;
				CLANG_WARN_OBJC_IMPLICIT_RETAIN_SELF = YES;
				CLANG_WARN_OBJC_LITERAL_CONVERSION = YES;
				CLANG_WARN_OBJC_ROOT_CLASS = YES_ERROR;
				CLANG_WARN_RANGE_LOOP_ANALYSIS = YES;
				CLANG_WARN_STRICT_PROTOTYPES = YES;
				CLANG_WARN_SUSPICIOUS_MOVE = YES;
				CLANG_WARN_UNGUARDED_AVAILABILITY = YES_AGGRESSIVE;
				CLANG_WARN_UNREACHABLE_CODE = YES;
				CLANG_WARN__DUPLICATE_METHOD_MATCH = YES;
				COPY_PHASE_STRIP = NO;
				DEBUG_INFORMATION_FORMAT = "dwarf-with-dsym";
				ENABLE_NS_ASSERTIONS = NO;
				ENABLE_STRICT_OBJC_MSGSEND = YES;
				GCC_C_LANGUAGE_STANDARD = gnu11;
				GCC_NO_COMMON_BLOCKS = YES;
				GCC_WARN_64_TO_32_BIT_CONVERSION = YES;
				GCC_WARN_ABOUT_RETURN_TYPE = YES_ERROR;
				GCC_WARN_UNDECLARED_SELECTOR = YES;
				GCC_WARN_UNINITIALIZED_AUTOS = YES_AGGRESSIVE;
				GCC_WARN_UNUSED_FUNCTION = YES;
				GCC_WARN_UNUSED_VARIABLE = YES;
				MACOSX_DEPLOYMENT_TARGET = 10.15;
				MTL_ENABLE_DEBUG_INFO = NO;
				MTL_FAST_MATH = YES;
				SDKROOT = macosx;
				SWIFT_COMPILATION_MODE = wholemodule;
				SWIFT_OPTIMIZATION_LEVEL = "-O";
			};
			name = Release;
		};
		4400A1BD233FC70B000C8862 /* Debug */ = {
			isa = XCBuildConfiguration;
			buildSettings = {
				ASSETCATALOG_COMPILER_APPICON_NAME = AppIcon;
				CLANG_ENABLE_MODULES = YES;
				CODE_SIGN_ENTITLEMENTS = Focus/Focus.entitlements;
				CODE_SIGN_IDENTITY = "Apple Development";
				CODE_SIGN_STYLE = Automatic;
				COMBINE_HIDPI_IMAGES = YES;
				DEVELOPMENT_ASSET_PATHS = "\"Focus/Preview Content\"";
				DEVELOPMENT_TEAM = 25D24JUKV7;
				ENABLE_HARDENED_RUNTIME = YES;
				ENABLE_PREVIEWS = YES;
				INFOPLIST_FILE = Focus/Info.plist;
				LD_RUNPATH_SEARCH_PATHS = (
					"$(inherited)",
					"@executable_path/../Frameworks",
				);
				MACOSX_DEPLOYMENT_TARGET = 10.15;
				PRODUCT_BUNDLE_IDENTIFIER = com.kipelovets.Focus;
				PRODUCT_NAME = "$(TARGET_NAME)";
				SWIFT_OBJC_BRIDGING_HEADER = "";
				SWIFT_OPTIMIZATION_LEVEL = "-Onone";
				SWIFT_VERSION = 5.0;
			};
			name = Debug;
		};
		4400A1BE233FC70B000C8862 /* Release */ = {
			isa = XCBuildConfiguration;
			buildSettings = {
				ASSETCATALOG_COMPILER_APPICON_NAME = AppIcon;
				CLANG_ENABLE_MODULES = YES;
				CODE_SIGN_ENTITLEMENTS = Focus/Focus.entitlements;
				CODE_SIGN_IDENTITY = "Apple Development";
				CODE_SIGN_STYLE = Automatic;
				COMBINE_HIDPI_IMAGES = YES;
				DEVELOPMENT_ASSET_PATHS = "\"Focus/Preview Content\"";
				DEVELOPMENT_TEAM = 25D24JUKV7;
				ENABLE_HARDENED_RUNTIME = YES;
				ENABLE_PREVIEWS = YES;
				INFOPLIST_FILE = Focus/Info.plist;
				LD_RUNPATH_SEARCH_PATHS = (
					"$(inherited)",
					"@executable_path/../Frameworks",
				);
				MACOSX_DEPLOYMENT_TARGET = 10.15;
				PRODUCT_BUNDLE_IDENTIFIER = com.kipelovets.Focus;
				PRODUCT_NAME = "$(TARGET_NAME)";
				SWIFT_OBJC_BRIDGING_HEADER = "";
				SWIFT_VERSION = 5.0;
			};
			name = Release;
		};
		4400A1C0233FC70B000C8862 /* Debug */ = {
			isa = XCBuildConfiguration;
			buildSettings = {
				ALWAYS_EMBED_SWIFT_STANDARD_LIBRARIES = YES;
				BUNDLE_LOADER = "$(TEST_HOST)";
				CODE_SIGN_STYLE = Automatic;
				COMBINE_HIDPI_IMAGES = YES;
				DEVELOPMENT_TEAM = 25D24JUKV7;
				INFOPLIST_FILE = FocusTests/Info.plist;
				LD_RUNPATH_SEARCH_PATHS = (
					"$(inherited)",
					"@executable_path/../Frameworks",
					"@loader_path/../Frameworks",
				);
				MACOSX_DEPLOYMENT_TARGET = 10.15;
				PRODUCT_BUNDLE_IDENTIFIER = com.cdprojektred.FocusTests;
				PRODUCT_NAME = "$(TARGET_NAME)";
				SWIFT_VERSION = 5.0;
				TEST_HOST = "$(BUILT_PRODUCTS_DIR)/Focus.app/Contents/MacOS/Focus";
			};
			name = Debug;
		};
		4400A1C1233FC70B000C8862 /* Release */ = {
			isa = XCBuildConfiguration;
			buildSettings = {
				ALWAYS_EMBED_SWIFT_STANDARD_LIBRARIES = YES;
				BUNDLE_LOADER = "$(TEST_HOST)";
				CODE_SIGN_STYLE = Automatic;
				COMBINE_HIDPI_IMAGES = YES;
				DEVELOPMENT_TEAM = 25D24JUKV7;
				INFOPLIST_FILE = FocusTests/Info.plist;
				LD_RUNPATH_SEARCH_PATHS = (
					"$(inherited)",
					"@executable_path/../Frameworks",
					"@loader_path/../Frameworks",
				);
				MACOSX_DEPLOYMENT_TARGET = 10.15;
				PRODUCT_BUNDLE_IDENTIFIER = com.cdprojektred.FocusTests;
				PRODUCT_NAME = "$(TARGET_NAME)";
				SWIFT_VERSION = 5.0;
				TEST_HOST = "$(BUILT_PRODUCTS_DIR)/Focus.app/Contents/MacOS/Focus";
			};
			name = Release;
		};
		4400A1C3233FC70B000C8862 /* Debug */ = {
			isa = XCBuildConfiguration;
			buildSettings = {
				ALWAYS_EMBED_SWIFT_STANDARD_LIBRARIES = YES;
				CODE_SIGN_STYLE = Automatic;
				COMBINE_HIDPI_IMAGES = YES;
				DEVELOPMENT_TEAM = 25D24JUKV7;
				INFOPLIST_FILE = FocusUITests/Info.plist;
				LD_RUNPATH_SEARCH_PATHS = (
					"$(inherited)",
					"@executable_path/../Frameworks",
					"@loader_path/../Frameworks",
				);
				PRODUCT_BUNDLE_IDENTIFIER = com.cdprojektred.FocusUITests;
				PRODUCT_NAME = "$(TARGET_NAME)";
				SWIFT_VERSION = 5.0;
				TEST_TARGET_NAME = Focus;
			};
			name = Debug;
		};
		4400A1C4233FC70B000C8862 /* Release */ = {
			isa = XCBuildConfiguration;
			buildSettings = {
				ALWAYS_EMBED_SWIFT_STANDARD_LIBRARIES = YES;
				CODE_SIGN_STYLE = Automatic;
				COMBINE_HIDPI_IMAGES = YES;
				DEVELOPMENT_TEAM = 25D24JUKV7;
				INFOPLIST_FILE = FocusUITests/Info.plist;
				LD_RUNPATH_SEARCH_PATHS = (
					"$(inherited)",
					"@executable_path/../Frameworks",
					"@loader_path/../Frameworks",
				);
				PRODUCT_BUNDLE_IDENTIFIER = com.cdprojektred.FocusUITests;
				PRODUCT_NAME = "$(TARGET_NAME)";
				SWIFT_VERSION = 5.0;
				TEST_TARGET_NAME = Focus;
			};
			name = Release;
		};
/* End XCBuildConfiguration section */

/* Begin XCConfigurationList section */
		4400A18E233FC708000C8862 /* Build configuration list for PBXProject "Focus" */ = {
			isa = XCConfigurationList;
			buildConfigurations = (
				4400A1BA233FC70B000C8862 /* Debug */,
				4400A1BB233FC70B000C8862 /* Release */,
			);
			defaultConfigurationIsVisible = 0;
			defaultConfigurationName = Release;
		};
		4400A1BC233FC70B000C8862 /* Build configuration list for PBXNativeTarget "Focus" */ = {
			isa = XCConfigurationList;
			buildConfigurations = (
				4400A1BD233FC70B000C8862 /* Debug */,
				4400A1BE233FC70B000C8862 /* Release */,
			);
			defaultConfigurationIsVisible = 0;
			defaultConfigurationName = Release;
		};
		4400A1BF233FC70B000C8862 /* Build configuration list for PBXNativeTarget "FocusTests" */ = {
			isa = XCConfigurationList;
			buildConfigurations = (
				4400A1C0233FC70B000C8862 /* Debug */,
				4400A1C1233FC70B000C8862 /* Release */,
			);
			defaultConfigurationIsVisible = 0;
			defaultConfigurationName = Release;
		};
		4400A1C2233FC70B000C8862 /* Build configuration list for PBXNativeTarget "FocusUITests" */ = {
			isa = XCConfigurationList;
			buildConfigurations = (
				4400A1C3233FC70B000C8862 /* Debug */,
				4400A1C4233FC70B000C8862 /* Release */,
			);
			defaultConfigurationIsVisible = 0;
			defaultConfigurationName = Release;
		};
/* End XCConfigurationList section */
	};
	rootObject = 4400A18B233FC708000C8862 /* Project object */;
}
